
Microsoft Visual Studio Solution File, Format Version 12.00
# Visual Studio Version 16
VisualStudioVersion = 16.0.31112.23
MinimumVisualStudioVersion = 10.0.40219.1
Project("{FAE04EC0-301F-11D3-BF4B-00C04F79EFBC}") = "Chambers_Partners_WebAPI", "Chambers_Partners_WebAPI\Chambers_Partners_WebAPI.csproj", "{C6AC4D94-76ED-4CBF-8ECC-996824EBF024}"
EndProject
Global
	GlobalSection(SolutionConfigurationPlatforms) = preSolution
		Debug|Any CPU = Debug|Any CPU
		Release|Any CPU = Release|Any CPU
	EndGlobalSection
	GlobalSection(ProjectConfigurationPlatforms) = postSolution
		{C6AC4D94-76ED-4CBF-8ECC-996824EBF024}.Debug|Any CPU.ActiveCfg = Debug|Any CPU
		{C6AC4D94-76ED-4CBF-8ECC-996824EBF024}.Debug|Any CPU.Build.0 = Debug|Any CPU
		{C6AC4D94-76ED-4CBF-8ECC-996824EBF024}.Release|Any CPU.ActiveCfg = Release|Any CPU
		{C6AC4D94-76ED-4CBF-8ECC-996824EBF024}.Release|Any CPU.Build.0 = Release|Any CPU
	EndGlobalSection
	GlobalSection(SolutionProperties) = preSolution
		HideSolutionNode = FALSE
	EndGlobalSection
	GlobalSection(ExtensibilityGlobals) = postSolution
		SolutionGuid = {0B70769D-E64C-424C-9CA1-59023E8E204D}
	EndGlobalSection
EndGlobal
